// !$*UTF8*$!
{
	archiveVersion = 1;
	classes = {
	};
	objectVersion = 48;
	objects = {

/* Begin PBXBuildFile section */
		EC045CD32014DBCE00CFF9B4 /* Player.swift in Sources */ = {isa = PBXBuildFile; fileRef = EC045CD22014DBCE00CFF9B4 /* Player.swift */; };
		EC09CD70201879660080DA1B /* RingBuffer.swift in Sources */ = {isa = PBXBuildFile; fileRef = EC09CD6F201879660080DA1B /* RingBuffer.swift */; };
		EC90D7852010DD2900E2A944 /* AppDelegate.swift in Sources */ = {isa = PBXBuildFile; fileRef = EC90D7842010DD2900E2A944 /* AppDelegate.swift */; };
		EC90D7872010DD2900E2A944 /* GameScene.sks in Resources */ = {isa = PBXBuildFile; fileRef = EC90D7862010DD2900E2A944 /* GameScene.sks */; };
		EC90D7892010DD2900E2A944 /* Actions.sks in Resources */ = {isa = PBXBuildFile; fileRef = EC90D7882010DD2900E2A944 /* Actions.sks */; };
		EC90D78B2010DD2900E2A944 /* GameScene.swift in Sources */ = {isa = PBXBuildFile; fileRef = EC90D78A2010DD2900E2A944 /* GameScene.swift */; };
		EC90D78D2010DD2900E2A944 /* GameViewController.swift in Sources */ = {isa = PBXBuildFile; fileRef = EC90D78C2010DD2900E2A944 /* GameViewController.swift */; };
		EC90D7902010DD2900E2A944 /* Main.storyboard in Resources */ = {isa = PBXBuildFile; fileRef = EC90D78E2010DD2900E2A944 /* Main.storyboard */; };
		EC90D7922010DD2900E2A944 /* Assets.xcassets in Resources */ = {isa = PBXBuildFile; fileRef = EC90D7912010DD2900E2A944 /* Assets.xcassets */; };
		EC90D7952010DD2900E2A944 /* LaunchScreen.storyboard in Resources */ = {isa = PBXBuildFile; fileRef = EC90D7932010DD2900E2A944 /* LaunchScreen.storyboard */; };
		EC90D7A02010DD2A00E2A944 /* OrmisTests.swift in Sources */ = {isa = PBXBuildFile; fileRef = EC90D79F2010DD2A00E2A944 /* OrmisTests.swift */; };
		EC90D7AB2010E44400E2A944 /* SpinnyNode.swift in Sources */ = {isa = PBXBuildFile; fileRef = EC90D7AA2010E44400E2A944 /* SpinnyNode.swift */; };
/* End PBXBuildFile section */

/* Begin PBXContainerItemProxy section */
		EC90D79C2010DD2A00E2A944 /* PBXContainerItemProxy */ = {
			isa = PBXContainerItemProxy;
			containerPortal = EC90D7792010DD2900E2A944 /* Project object */;
			proxyType = 1;
			remoteGlobalIDString = EC90D7802010DD2900E2A944;
			remoteInfo = Ormis;
		};
/* End PBXContainerItemProxy section */

/* Begin PBXFileReference section */
		EC045CD22014DBCE00CFF9B4 /* Player.swift */ = {isa = PBXFileReference; lastKnownFileType = sourcecode.swift; path = Player.swift; sourceTree = "<group>"; };
		EC09CD6F201879660080DA1B /* RingBuffer.swift */ = {isa = PBXFileReference; lastKnownFileType = sourcecode.swift; path = RingBuffer.swift; sourceTree = "<group>"; };
		EC90D7812010DD2900E2A944 /* Ormis.app */ = {isa = PBXFileReference; explicitFileType = wrapper.application; includeInIndex = 0; path = Ormis.app; sourceTree = BUILT_PRODUCTS_DIR; };
		EC90D7842010DD2900E2A944 /* AppDelegate.swift */ = {isa = PBXFileReference; lastKnownFileType = sourcecode.swift; path = AppDelegate.swift; sourceTree = "<group>"; };
		EC90D7862010DD2900E2A944 /* GameScene.sks */ = {isa = PBXFileReference; lastKnownFileType = file.sks; path = GameScene.sks; sourceTree = "<group>"; };
		EC90D7882010DD2900E2A944 /* Actions.sks */ = {isa = PBXFileReference; lastKnownFileType = file.sks; path = Actions.sks; sourceTree = "<group>"; };
		EC90D78A2010DD2900E2A944 /* GameScene.swift */ = {isa = PBXFileReference; lastKnownFileType = sourcecode.swift; path = GameScene.swift; sourceTree = "<group>"; };
		EC90D78C2010DD2900E2A944 /* GameViewController.swift */ = {isa = PBXFileReference; lastKnownFileType = sourcecode.swift; path = GameViewController.swift; sourceTree = "<group>"; };
		EC90D78F2010DD2900E2A944 /* Base */ = {isa = PBXFileReference; lastKnownFileType = file.storyboard; name = Base; path = Base.lproj/Main.storyboard; sourceTree = "<group>"; };
		EC90D7912010DD2900E2A944 /* Assets.xcassets */ = {isa = PBXFileReference; lastKnownFileType = folder.assetcatalog; path = Assets.xcassets; sourceTree = "<group>"; };
		EC90D7942010DD2900E2A944 /* Base */ = {isa = PBXFileReference; lastKnownFileType = file.storyboard; name = Base; path = Base.lproj/LaunchScreen.storyboard; sourceTree = "<group>"; };
		EC90D7962010DD2900E2A944 /* Info.plist */ = {isa = PBXFileReference; lastKnownFileType = text.plist.xml; path = Info.plist; sourceTree = "<group>"; };
		EC90D79B2010DD2A00E2A944 /* OrmisTests.xctest */ = {isa = PBXFileReference; explicitFileType = wrapper.cfbundle; includeInIndex = 0; path = OrmisTests.xctest; sourceTree = BUILT_PRODUCTS_DIR; };
		EC90D79F2010DD2A00E2A944 /* OrmisTests.swift */ = {isa = PBXFileReference; lastKnownFileType = sourcecode.swift; path = OrmisTests.swift; sourceTree = "<group>"; };
		EC90D7A12010DD2A00E2A944 /* Info.plist */ = {isa = PBXFileReference; lastKnownFileType = text.plist.xml; path = Info.plist; sourceTree = "<group>"; };
		EC90D7AA2010E44400E2A944 /* SpinnyNode.swift */ = {isa = PBXFileReference; lastKnownFileType = sourcecode.swift; path = SpinnyNode.swift; sourceTree = "<group>"; };
/* End PBXFileReference section */

/* Begin PBXFrameworksBuildPhase section */
		EC90D77E2010DD2900E2A944 /* Frameworks */ = {
			isa = PBXFrameworksBuildPhase;
			buildActionMask = 2147483647;
			files = (
			);
			runOnlyForDeploymentPostprocessing = 0;
		};
		EC90D7982010DD2A00E2A944 /* Frameworks */ = {
			isa = PBXFrameworksBuildPhase;
			buildActionMask = 2147483647;
			files = (
			);
			runOnlyForDeploymentPostprocessing = 0;
		};
/* End PBXFrameworksBuildPhase section */

/* Begin PBXGroup section */
		EC90D7782010DD2900E2A944 = {
			isa = PBXGroup;
			children = (
				EC90D7832010DD2900E2A944 /* Ormis */,
				EC90D79E2010DD2A00E2A944 /* OrmisTests */,
				EC90D7822010DD2900E2A944 /* Products */,
			);
			sourceTree = "<group>";
		};
		EC90D7822010DD2900E2A944 /* Products */ = {
			isa = PBXGroup;
			children = (
				EC90D7812010DD2900E2A944 /* Ormis.app */,
				EC90D79B2010DD2A00E2A944 /* OrmisTests.xctest */,
			);
			name = Products;
			sourceTree = "<group>";
		};
		EC90D7832010DD2900E2A944 /* Ormis */ = {
			isa = PBXGroup;
			children = (
				EC90D7842010DD2900E2A944 /* AppDelegate.swift */,
				EC90D7862010DD2900E2A944 /* GameScene.sks */,
				EC90D7882010DD2900E2A944 /* Actions.sks */,
				EC90D78A2010DD2900E2A944 /* GameScene.swift */,
				EC90D78C2010DD2900E2A944 /* GameViewController.swift */,
				EC90D78E2010DD2900E2A944 /* Main.storyboard */,
				EC90D7912010DD2900E2A944 /* Assets.xcassets */,
				EC90D7932010DD2900E2A944 /* LaunchScreen.storyboard */,
				EC90D7962010DD2900E2A944 /* Info.plist */,
				EC90D7AA2010E44400E2A944 /* SpinnyNode.swift */,
				EC045CD22014DBCE00CFF9B4 /* Player.swift */,
				EC09CD6F201879660080DA1B /* RingBuffer.swift */,
			);
			path = Ormis;
			sourceTree = "<group>";
		};
		EC90D79E2010DD2A00E2A944 /* OrmisTests */ = {
			isa = PBXGroup;
			children = (
				EC90D79F2010DD2A00E2A944 /* OrmisTests.swift */,
				EC90D7A12010DD2A00E2A944 /* Info.plist */,
			);
			path = OrmisTests;
			sourceTree = "<group>";
		};
/* End PBXGroup section */

/* Begin PBXNativeTarget section */
		EC90D7802010DD2900E2A944 /* Ormis */ = {
			isa = PBXNativeTarget;
			buildConfigurationList = EC90D7A42010DD2A00E2A944 /* Build configuration list for PBXNativeTarget "Ormis" */;
			buildPhases = (
				EC90D77D2010DD2900E2A944 /* Sources */,
				EC90D77E2010DD2900E2A944 /* Frameworks */,
				EC90D77F2010DD2900E2A944 /* Resources */,
			);
			buildRules = (
			);
			dependencies = (
			);
			name = Ormis;
			productName = Ormis;
			productReference = EC90D7812010DD2900E2A944 /* Ormis.app */;
			productType = "com.apple.product-type.application";
		};
		EC90D79A2010DD2A00E2A944 /* OrmisTests */ = {
			isa = PBXNativeTarget;
			buildConfigurationList = EC90D7A72010DD2A00E2A944 /* Build configuration list for PBXNativeTarget "OrmisTests" */;
			buildPhases = (
				EC90D7972010DD2A00E2A944 /* Sources */,
				EC90D7982010DD2A00E2A944 /* Frameworks */,
				EC90D7992010DD2A00E2A944 /* Resources */,
			);
			buildRules = (
			);
			dependencies = (
				EC90D79D2010DD2A00E2A944 /* PBXTargetDependency */,
			);
			name = OrmisTests;
			productName = OrmisTests;
			productReference = EC90D79B2010DD2A00E2A944 /* OrmisTests.xctest */;
			productType = "com.apple.product-type.bundle.unit-test";
		};
/* End PBXNativeTarget section */

/* Begin PBXProject section */
		EC90D7792010DD2900E2A944 /* Project object */ = {
			isa = PBXProject;
			attributes = {
				LastSwiftUpdateCheck = 0920;
				LastUpgradeCheck = 0920;
				ORGANIZATIONNAME = "Robin Sullivan";
				TargetAttributes = {
					EC90D7802010DD2900E2A944 = {
						CreatedOnToolsVersion = 9.2;
						ProvisioningStyle = Automatic;
					};
					EC90D79A2010DD2A00E2A944 = {
						CreatedOnToolsVersion = 9.2;
						ProvisioningStyle = Automatic;
						TestTargetID = EC90D7802010DD2900E2A944;
					};
				};
			};
			buildConfigurationList = EC90D77C2010DD2900E2A944 /* Build configuration list for PBXProject "Ormis" */;
			compatibilityVersion = "Xcode 8.0";
			developmentRegion = en;
			hasScannedForEncodings = 0;
			knownRegions = (
				en,
				Base,
			);
			mainGroup = EC90D7782010DD2900E2A944;
			productRefGroup = EC90D7822010DD2900E2A944 /* Products */;
			projectDirPath = "";
			projectRoot = "";
			targets = (
				EC90D7802010DD2900E2A944 /* Ormis */,
				EC90D79A2010DD2A00E2A944 /* OrmisTests */,
			);
		};
/* End PBXProject section */

/* Begin PBXResourcesBuildPhase section */
		EC90D77F2010DD2900E2A944 /* Resources */ = {
			isa = PBXResourcesBuildPhase;
			buildActionMask = 2147483647;
			files = (
				EC90D7902010DD2900E2A944 /* Main.storyboard in Resources */,
				EC90D7872010DD2900E2A944 /* GameScene.sks in Resources */,
				EC90D7922010DD2900E2A944 /* Assets.xcassets in Resources */,
				EC90D7952010DD2900E2A944 /* LaunchScreen.storyboard in Resources */,
				EC90D7892010DD2900E2A944 /* Actions.sks in Resources */,
			);
			runOnlyForDeploymentPostprocessing = 0;
		};
		EC90D7992010DD2A00E2A944 /* Resources */ = {
			isa = PBXResourcesBuildPhase;
			buildActionMask = 2147483647;
			files = (
			);
			runOnlyForDeploymentPostprocessing = 0;
		};
/* End PBXResourcesBuildPhase section */

/* Begin PBXSourcesBuildPhase section */
		EC90D77D2010DD2900E2A944 /* Sources */ = {
			isa = PBXSourcesBuildPhase;
			buildActionMask = 2147483647;
			files = (
				EC90D78B2010DD2900E2A944 /* GameScene.swift in Sources */,
				EC90D78D2010DD2900E2A944 /* GameViewController.swift in Sources */,
				EC90D7AB2010E44400E2A944 /* SpinnyNode.swift in Sources */,
				EC045CD32014DBCE00CFF9B4 /* Player.swift in Sources */,
				EC90D7852010DD2900E2A944 /* AppDelegate.swift in Sources */,
				EC09CD70201879660080DA1B /* RingBuffer.swift in Sources */,
			);
			runOnlyForDeploymentPostprocessing = 0;
		};
		EC90D7972010DD2A00E2A944 /* Sources */ = {
			isa = PBXSourcesBuildPhase;
			buildActionMask = 2147483647;
			files = (
				EC90D7A02010DD2A00E2A944 /* OrmisTests.swift in Sources */,
			);
			runOnlyForDeploymentPostprocessing = 0;
		};
/* End PBXSourcesBuildPhase section */

/* Begin PBXTargetDependency section */
		EC90D79D2010DD2A00E2A944 /* PBXTargetDependency */ = {
			isa = PBXTargetDependency;
			target = EC90D7802010DD2900E2A944 /* Ormis */;
			targetProxy = EC90D79C2010DD2A00E2A944 /* PBXContainerItemProxy */;
		};
/* End PBXTargetDependency section */

/* Begin PBXVariantGroup section */
		EC90D78E2010DD2900E2A944 /* Main.storyboard */ = {
			isa = PBXVariantGroup;
			children = (
				EC90D78F2010DD2900E2A944 /* Base */,
			);
			name = Main.storyboard;
			sourceTree = "<group>";
		};
		EC90D7932010DD2900E2A944 /* LaunchScreen.storyboard */ = {
			isa = PBXVariantGroup;
			children = (
				EC90D7942010DD2900E2A944 /* Base */,
			);
			name = LaunchScreen.storyboard;
			sourceTree = "<group>";
		};
/* End PBXVariantGroup section */

/* Begin XCBuildConfiguration section */
		EC90D7A22010DD2A00E2A944 /* Debug */ = {
			isa = XCBuildConfiguration;
			buildSettings = {
				ALWAYS_SEARCH_USER_PATHS = NO;
				CLANG_ANALYZER_NONNULL = YES;
				CLANG_ANALYZER_NUMBER_OBJECT_CONVERSION = YES_AGGRESSIVE;
				CLANG_CXX_LANGUAGE_STANDARD = "gnu++14";
				CLANG_CXX_LIBRARY = "libc++";
				CLANG_ENABLE_MODULES = YES;
				CLANG_ENABLE_OBJC_ARC = YES;
				CLANG_WARN_BLOCK_CAPTURE_AUTORELEASING = YES;
				CLANG_WARN_BOOL_CONVERSION = YES;
				CLANG_WARN_COMMA = YES;
				CLANG_WARN_CONSTANT_CONVERSION = YES;
				CLANG_WARN_DIRECT_OBJC_ISA_USAGE = YES_ERROR;
				CLANG_WARN_DOCUMENTATION_COMMENTS = YES;
				CLANG_WARN_EMPTY_BODY = YES;
				CLANG_WARN_ENUM_CONVERSION = YES;
				CLANG_WARN_INFINITE_RECURSION = YES;
				CLANG_WARN_INT_CONVERSION = YES;
				CLANG_WARN_NON_LITERAL_NULL_CONVERSION = YES;
				CLANG_WARN_OBJC_LITERAL_CONVERSION = YES;
				CLANG_WARN_OBJC_ROOT_CLASS = YES_ERROR;
				CLANG_WARN_RANGE_LOOP_ANALYSIS = YES;
				CLANG_WARN_STRICT_PROTOTYPES = YES;
				CLANG_WARN_SUSPICIOUS_MOVE = YES;
				CLANG_WARN_UNGUARDED_AVAILABILITY = YES_AGGRESSIVE;
				CLANG_WARN_UNREACHABLE_CODE = YES;
				CLANG_WARN__DUPLICATE_METHOD_MATCH = YES;
				CODE_SIGN_IDENTITY = "iPhone Developer";
				COPY_PHASE_STRIP = NO;
				DEBUG_INFORMATION_FORMAT = dwarf;
				ENABLE_STRICT_OBJC_MSGSEND = YES;
				ENABLE_TESTABILITY = YES;
				GCC_C_LANGUAGE_STANDARD = gnu11;
				GCC_DYNAMIC_NO_PIC = NO;
				GCC_NO_COMMON_BLOCKS = YES;
				GCC_OPTIMIZATION_LEVEL = 0;
				GCC_PREPROCESSOR_DEFINITIONS = (
					"DEBUG=1",
					"$(inherited)",
				);
				GCC_WARN_64_TO_32_BIT_CONVERSION = YES;
				GCC_WARN_ABOUT_RETURN_TYPE = YES_ERROR;
				GCC_WARN_UNDECLARED_SELECTOR = YES;
				GCC_WARN_UNINITIALIZED_AUTOS = YES_AGGRESSIVE;
				GCC_WARN_UNUSED_FUNCTION = YES;
				GCC_WARN_UNUSED_VARIABLE = YES;
				IPHONEOS_DEPLOYMENT_TARGET = 11.2;
				MTL_ENABLE_DEBUG_INFO = YES;
				ONLY_ACTIVE_ARCH = YES;
				SDKROOT = iphoneos;
				SWIFT_ACTIVE_COMPILATION_CONDITIONS = DEBUG;
				SWIFT_OPTIMIZATION_LEVEL = "-Onone";
			};
			name = Debug;
		};
		EC90D7A32010DD2A00E2A944 /* Release */ = {
			isa = XCBuildConfiguration;
			buildSettings = {
				ALWAYS_SEARCH_USER_PATHS = NO;
				CLANG_ANALYZER_NONNULL = YES;
				CLANG_ANALYZER_NUMBER_OBJECT_CONVERSION = YES_AGGRESSIVE;
				CLANG_CXX_LANGUAGE_STANDARD = "gnu++14";
				CLANG_CXX_LIBRARY = "libc++";
				CLANG_ENABLE_MODULES = YES;
				CLANG_ENABLE_OBJC_ARC = YES;
				CLANG_WARN_BLOCK_CAPTURE_AUTORELEASING = YES;
				CLANG_WARN_BOOL_CONVERSION = YES;
				CLANG_WARN_COMMA = YES;
				CLANG_WARN_CONSTANT_CONVERSION = YES;
				CLANG_WARN_DIRECT_OBJC_ISA_USAGE = YES_ERROR;
				CLANG_WARN_DOCUMENTATION_COMMENTS = YES;
				CLANG_WARN_EMPTY_BODY = YES;
				CLANG_WARN_ENUM_CONVERSION = YES;
				CLANG_WARN_INFINITE_RECURSION = YES;
				CLANG_WARN_INT_CONVERSION = YES;
				CLANG_WARN_NON_LITERAL_NULL_CONVERSION = YES;
				CLANG_WARN_OBJC_LITERAL_CONVERSION = YES;
				CLANG_WARN_OBJC_ROOT_CLASS = YES_ERROR;
				CLANG_WARN_RANGE_LOOP_ANALYSIS = YES;
				CLANG_WARN_STRICT_PROTOTYPES = YES;
				CLANG_WARN_SUSPICIOUS_MOVE = YES;
				CLANG_WARN_UNGUARDED_AVAILABILITY = YES_AGGRESSIVE;
				CLANG_WARN_UNREACHABLE_CODE = YES;
				CLANG_WARN__DUPLICATE_METHOD_MATCH = YES;
				CODE_SIGN_IDENTITY = "iPhone Developer";
				COPY_PHASE_STRIP = NO;
				DEBUG_INFORMATION_FORMAT = "dwarf-with-dsym";
				ENABLE_NS_ASSERTIONS = NO;
				ENABLE_STRICT_OBJC_MSGSEND = YES;
				GCC_C_LANGUAGE_STANDARD = gnu11;
				GCC_NO_COMMON_BLOCKS = YES;
				GCC_WARN_64_TO_32_BIT_CONVERSION = YES;
				GCC_WARN_ABOUT_RETURN_TYPE = YES_ERROR;
				GCC_WARN_UNDECLARED_SELECTOR = YES;
				GCC_WARN_UNINITIALIZED_AUTOS = YES_AGGRESSIVE;
				GCC_WARN_UNUSED_FUNCTION = YES;
				GCC_WARN_UNUSED_VARIABLE = YES;
				IPHONEOS_DEPLOYMENT_TARGET = 11.2;
				MTL_ENABLE_DEBUG_INFO = NO;
				SDKROOT = iphoneos;
				SWIFT_OPTIMIZATION_LEVEL = "-Owholemodule";
				VALIDATE_PRODUCT = YES;
			};
			name = Release;
		};
		EC90D7A52010DD2A00E2A944 /* Debug */ = {
			isa = XCBuildConfiguration;
			buildSettings = {
				ASSETCATALOG_COMPILER_APPICON_NAME = AppIcon;
				CODE_SIGN_STYLE = Automatic;
				DEVELOPMENT_TEAM = X5LWJCS64H;
				INFOPLIST_FILE = Ormis/Info.plist;
				LD_RUNPATH_SEARCH_PATHS = "$(inherited) @executable_path/Frameworks";
				PRODUCT_BUNDLE_IDENTIFIER = com.sullivan.Ormis;
				PRODUCT_NAME = "$(TARGET_NAME)";
				SWIFT_VERSION = 4.0;
				TARGETED_DEVICE_FAMILY = "1,2";
			};
			name = Debug;
		};
		EC90D7A62010DD2A00E2A944 /* Release */ = {
			isa = XCBuildConfiguration;
			buildSettings = {
				ASSETCATALOG_COMPILER_APPICON_NAME = AppIcon;
				CODE_SIGN_STYLE = Automatic;
				DEVELOPMENT_TEAM = X5LWJCS64H;
				INFOPLIST_FILE = Ormis/Info.plist;
				LD_RUNPATH_SEARCH_PATHS = "$(inherited) @executable_path/Frameworks";
				PRODUCT_BUNDLE_IDENTIFIER = com.sullivan.Ormis;
				PRODUCT_NAME = "$(TARGET_NAME)";
				SWIFT_VERSION = 4.0;
				TARGETED_DEVICE_FAMILY = "1,2";
			};
			name = Release;
		};
		EC90D7A82010DD2A00E2A944 /* Debug */ = {
			isa = XCBuildConfiguration;
			buildSettings = {
				ALWAYS_EMBED_SWIFT_STANDARD_LIBRARIES = YES;
				BUNDLE_LOADER = "$(TEST_HOST)";
				CODE_SIGN_STYLE = Automatic;
				DEVELOPMENT_TEAM = X5LWJCS64H;
				INFOPLIST_FILE = OrmisTests/Info.plist;
				LD_RUNPATH_SEARCH_PATHS = "$(inherited) @executable_path/Frameworks @loader_path/Frameworks";
				PRODUCT_BUNDLE_IDENTIFIER = com.sullivan.OrmisTests;
				PRODUCT_NAME = "$(TARGET_NAME)";
				SWIFT_VERSION = 4.0;
				TARGETED_DEVICE_FAMILY = "1,2";
				TEST_HOST = "$(BUILT_PRODUCTS_DIR)/Ormis.app/Ormis";
			};
			name = Debug;
		};
		EC90D7A92010DD2A00E2A944 /* Release */ = {
			isa = XCBuildConfiguration;
			buildSettings = {
				ALWAYS_EMBED_SWIFT_STANDARD_LIBRARIES = YES;
				BUNDLE_LOADER = "$(TEST_HOST)";
				CODE_SIGN_STYLE = Automatic;
				DEVELOPMENT_TEAM = X5LWJCS64H;
				INFOPLIST_FILE = OrmisTests/Info.plist;
				LD_RUNPATH_SEARCH_PATHS = "$(inherited) @executable_path/Frameworks @loader_path/Frameworks";
				PRODUCT_BUNDLE_IDENTIFIER = com.sullivan.OrmisTests;
				PRODUCT_NAME = "$(TARGET_NAME)";
				SWIFT_VERSION = 4.0;
				TARGETED_DEVICE_FAMILY = "1,2";
				TEST_HOST = "$(BUILT_PRODUCTS_DIR)/Ormis.app/Ormis";
			};
			name = Release;
		};
/* End XCBuildConfiguration section */

/* Begin XCConfigurationList section */
		EC90D77C2010DD2900E2A944 /* Build configuration list for PBXProject "Ormis" */ = {
			isa = XCConfigurationList;
			buildConfigurations = (
				EC90D7A22010DD2A00E2A944 /* Debug */,
				EC90D7A32010DD2A00E2A944 /* Release */,
			);
			defaultConfigurationIsVisible = 0;
			defaultConfigurationName = Release;
		};
		EC90D7A42010DD2A00E2A944 /* Build configuration list for PBXNativeTarget "Ormis" */ = {
			isa = XCConfigurationList;
			buildConfigurations = (
				EC90D7A52010DD2A00E2A944 /* Debug */,
				EC90D7A62010DD2A00E2A944 /* Release */,
			);
			defaultConfigurationIsVisible = 0;
			defaultConfigurationName = Release;
		};
		EC90D7A72010DD2A00E2A944 /* Build configuration list for PBXNativeTarget "OrmisTests" */ = {
			isa = XCConfigurationList;
			buildConfigurations = (
				EC90D7A82010DD2A00E2A944 /* Debug */,
				EC90D7A92010DD2A00E2A944 /* Release */,
			);
			defaultConfigurationIsVisible = 0;
			defaultConfigurationName = Release;
		};
/* End XCConfigurationList section */
	};
	rootObject = EC90D7792010DD2900E2A944 /* Project object */;
}
